
Microsoft Visual Studio Solution File, Format Version 12.00
# Visual Studio 15
VisualStudioVersion = 15.0.28307.902
MinimumVisualStudioVersion = 10.0.40219.1
Project("{159641D6-6404-4A2A-AE62-294DE0FE8301}") = "HRSPaywallCommissionRules", "HRSPaywallCommissionRules\HRSPaywallCommissionRules.dtproj", "{488D5588-90B9-4326-9AE9-62E480628EA5}"
EndProject
Global
	GlobalSection(SolutionConfigurationPlatforms) = preSolution
		Development|Default = Development|Default
	EndGlobalSection
	GlobalSection(ProjectConfigurationPlatforms) = postSolution
		{488D5588-90B9-4326-9AE9-62E480628EA5}.Development|Default.ActiveCfg = Development
		{488D5588-90B9-4326-9AE9-62E480628EA5}.Development|Default.Build.0 = Development
	EndGlobalSection
	GlobalSection(SolutionProperties) = preSolution
		HideSolutionNode = FALSE
	EndGlobalSection
	GlobalSection(ExtensibilityGlobals) = postSolution
		SolutionGuid = {E0248254-625C-48FB-AE49-BA9160EBEF33}
	EndGlobalSection
EndGlobal
